# This file is @generated by PDM.
# It is not intended for manual editing.

[metadata]
groups = ["default"]
strategy = ["inherit_metadata"]
lock_version = "4.5.0"
content_hash = "sha256:e22af7368535ec24c673c33e774074ec5508b271942d63b84c41fe7828b894ff"

[[metadata.targets]]
requires_python = "==3.12.*"

[[package]]
name = "rarfile"
version = "4.2"
requires_python = ">=3.6"
summary = "RAR archive reader for Python"
groups = ["default"]
files = [
    {file = "rarfile-4.2-py3-none-any.whl", hash = "sha256:8757e1e3757e32962e229cab2432efc1f15f210823cc96ccba0f6a39d17370c9"},
    {file = "rarfile-4.2.tar.gz", hash = "sha256:8e1c8e72d0845ad2b32a47ab11a719bc2e41165ec101fd4d3fe9e92aa3f469ef"},
]

[[package]]
name = "tkinterdnd2"
version = "0.4.2"
requires_python = ">=3.6"
summary = "TkinterDnD2 is a python wrapper for George Petasis'' tkDnD Tk extension version 2"
groups = ["default"]
files = [
    {file = "tkinterdnd2-0.4.2-py3-none-any.whl", hash = "sha256:73eb0a2e380f49687c1ac3b499014b09b53febc7f93d7ab4fefa4ede9691ab57"},
    {file = "tkinterdnd2-0.4.2.tar.gz", hash = "sha256:00180ac38d86578441dea4662026c7867a022e14501ad492f81e22e22135ceb6"},
]
